{
  "name": "node-red-contrib-lora",
  "version": "1.0.0",
  "lockfileVersion": 1,
  "requires": true,
  "dependencies": {
    "crypto-js": {
      "version": "4.0.0",
      "resolved": "https://registry.npmjs.org/crypto-js/-/crypto-js-4.0.0.tgz",
      "integrity": "sha512-bzHZN8Pn+gS7DQA6n+iUmBfl0hO5DJq++QP3U6uTucDtk/0iGpXd/Gg7CGR0p8tJhofJyaKoWBuJI4eAO00BBg=="
    },
    "lora-packet": {
      "version": "0.8.11",
      "resolved": "https://registry.npmjs.org/lora-packet/-/lora-packet-0.8.11.tgz",
      "integrity": "sha512-b/swG5+kD6e/VSDH+GyTnaduZiQ38gGbYjixQnQCdXMFYvnXlO1+S/7RuqEblk6QTjBshEH2I/UdXkvLMhwDDA==",
      "requires": {
        "crypto-js": "4.0.0",
        "node-aes-cmac": "0.1.1"
      }
    },
    "node-aes-cmac": {
      "version": "0.1.1",
      "resolved": "https://registry.npmjs.org/node-aes-cmac/-/node-aes-cmac-0.1.1.tgz",
      "integrity": "sha1-m//4ay9j45SeKCi9hfW2gltwKEQ="
    }
  }
}
